
Microsoft Visual Studio Solution File, Format Version 12.00
# Visual Studio Version 17
VisualStudioVersion = 17.6.33801.468
MinimumVisualStudioVersion = 10.0.40219.1
Project("{9A19103F-16F7-4668-BE54-9A1E7A4F7556}") = "IdentityServer.AuthServer", "IdentityServer.AuthServer\IdentityServer.AuthServer.csproj", "{C64A73C7-0B21-4355-8877-5E9CB3AD286F}"
EndProject
Project("{9A19103F-16F7-4668-BE54-9A1E7A4F7556}") = "IdentityServer.Client1", "IdentityServer.Client1\IdentityServer.Client1.csproj", "{B9F350E6-A709-4074-BA76-47A7631946D7}"
EndProject
Project("{9A19103F-16F7-4668-BE54-9A1E7A4F7556}") = "IdentityServer.Client2", "IdentityServer.Client2\IdentityServer.Client2.csproj", "{50089F0C-1E40-47C1-BC14-E549655E4796}"
EndProject
Project("{9A19103F-16F7-4668-BE54-9A1E7A4F7556}") = "IdentityServer.API1", "IdentityServer.API1\IdentityServer.API1.csproj", "{3D61AC7C-BF33-4109-B183-A8A778169778}"
EndProject
Project("{9A19103F-16F7-4668-BE54-9A1E7A4F7556}") = "IdentityServer.API2", "IdentityServer.API2\IdentityServer.API2.csproj", "{CB315267-54A0-4DB8-90BF-F8BB912D18E5}"
EndProject
Project("{2150E333-8FDC-42A3-9474-1A3956D46DE8}") = "Solution Items", "Solution Items", "{4B1B91B8-1ED0-40FD-997A-AEDD487EAC26}"
	ProjectSection(SolutionItems) = preProject
		Ports.txt = Ports.txt
	EndProjectSection
EndProject
Project("{9A19103F-16F7-4668-BE54-9A1E7A4F7556}") = "IdentityServer-IdentityAPI.AuthServer", "IdentityServer-IdentityAPI.AuthServer\IdentityServer-IdentityAPI.AuthServer.csproj", "{0AE210A9-1DE7-43B1-AB34-3FB9FA650B48}"
EndProject
Global
	GlobalSection(SolutionConfigurationPlatforms) = preSolution
		Debug|Any CPU = Debug|Any CPU
		Release|Any CPU = Release|Any CPU
	EndGlobalSection
	GlobalSection(ProjectConfigurationPlatforms) = postSolution
		{C64A73C7-0B21-4355-8877-5E9CB3AD286F}.Debug|Any CPU.ActiveCfg = Debug|Any CPU
		{C64A73C7-0B21-4355-8877-5E9CB3AD286F}.Debug|Any CPU.Build.0 = Debug|Any CPU
		{C64A73C7-0B21-4355-8877-5E9CB3AD286F}.Release|Any CPU.ActiveCfg = Release|Any CPU
		{C64A73C7-0B21-4355-8877-5E9CB3AD286F}.Release|Any CPU.Build.0 = Release|Any CPU
		{B9F350E6-A709-4074-BA76-47A7631946D7}.Debug|Any CPU.ActiveCfg = Debug|Any CPU
		{B9F350E6-A709-4074-BA76-47A7631946D7}.Debug|Any CPU.Build.0 = Debug|Any CPU
		{B9F350E6-A709-4074-BA76-47A7631946D7}.Release|Any CPU.ActiveCfg = Release|Any CPU
		{B9F350E6-A709-4074-BA76-47A7631946D7}.Release|Any CPU.Build.0 = Release|Any CPU
		{50089F0C-1E40-47C1-BC14-E549655E4796}.Debug|Any CPU.ActiveCfg = Debug|Any CPU
		{50089F0C-1E40-47C1-BC14-E549655E4796}.Debug|Any CPU.Build.0 = Debug|Any CPU
		{50089F0C-1E40-47C1-BC14-E549655E4796}.Release|Any CPU.ActiveCfg = Release|Any CPU
		{50089F0C-1E40-47C1-BC14-E549655E4796}.Release|Any CPU.Build.0 = Release|Any CPU
		{3D61AC7C-BF33-4109-B183-A8A778169778}.Debug|Any CPU.ActiveCfg = Debug|Any CPU
		{3D61AC7C-BF33-4109-B183-A8A778169778}.Debug|Any CPU.Build.0 = Debug|Any CPU
		{3D61AC7C-BF33-4109-B183-A8A778169778}.Release|Any CPU.ActiveCfg = Release|Any CPU
		{3D61AC7C-BF33-4109-B183-A8A778169778}.Release|Any CPU.Build.0 = Release|Any CPU
		{CB315267-54A0-4DB8-90BF-F8BB912D18E5}.Debug|Any CPU.ActiveCfg = Debug|Any CPU
		{CB315267-54A0-4DB8-90BF-F8BB912D18E5}.Debug|Any CPU.Build.0 = Debug|Any CPU
		{CB315267-54A0-4DB8-90BF-F8BB912D18E5}.Release|Any CPU.ActiveCfg = Release|Any CPU
		{CB315267-54A0-4DB8-90BF-F8BB912D18E5}.Release|Any CPU.Build.0 = Release|Any CPU
		{0AE210A9-1DE7-43B1-AB34-3FB9FA650B48}.Debug|Any CPU.ActiveCfg = Debug|Any CPU
		{0AE210A9-1DE7-43B1-AB34-3FB9FA650B48}.Debug|Any CPU.Build.0 = Debug|Any CPU
		{0AE210A9-1DE7-43B1-AB34-3FB9FA650B48}.Release|Any CPU.ActiveCfg = Release|Any CPU
		{0AE210A9-1DE7-43B1-AB34-3FB9FA650B48}.Release|Any CPU.Build.0 = Release|Any CPU
	EndGlobalSection
	GlobalSection(SolutionProperties) = preSolution
		HideSolutionNode = FALSE
	EndGlobalSection
	GlobalSection(ExtensibilityGlobals) = postSolution
		SolutionGuid = {9884DC2B-BC3B-4024-A952-C8F201D840FB}
	EndGlobalSection
EndGlobal
